// !$*UTF8*$!
{
	archiveVersion = 1;
	classes = {
	};
	objectVersion = 46;
	objects = {

/* Begin PBXBuildFile section */
		E154309C1B693A2B006F39BF /* main.m in Sources */ = {isa = PBXBuildFile; fileRef = E154309B1B693A2B006F39BF /* main.m */; };
		E154309F1B693A2B006F39BF /* AppDelegate.m in Sources */ = {isa = PBXBuildFile; fileRef = E154309E1B693A2B006F39BF /* AppDelegate.m */; };
		E15430A21B693A2B006F39BF /* ViewController.m in Sources */ = {isa = PBXBuildFile; fileRef = E15430A11B693A2B006F39BF /* ViewController.m */; };
		E15430A51B693A2B006F39BF /* Main.storyboard in Resources */ = {isa = PBXBuildFile; fileRef = E15430A31B693A2B006F39BF /* Main.storyboard */; };
		E15430A71B693A2B006F39BF /* Images.xcassets in Resources */ = {isa = PBXBuildFile; fileRef = E15430A61B693A2B006F39BF /* Images.xcassets */; };
		E15430AA1B693A2B006F39BF /* LaunchScreen.xib in Resources */ = {isa = PBXBuildFile; fileRef = E15430A81B693A2B006F39BF /* LaunchScreen.xib */; };
		E15430B61B693A2B006F39BF /* testTests.m in Sources */ = {isa = PBXBuildFile; fileRef = E15430B51B693A2B006F39BF /* testTests.m */; };
/* End PBXBuildFile section */

/* Begin PBXContainerItemProxy section */
		E15430B01B693A2B006F39BF /* PBXContainerItemProxy */ = {
			isa = PBXContainerItemProxy;
			containerPortal = E154308E1B693A2B006F39BF /* Project object */;
			proxyType = 1;
			remoteGlobalIDString = E15430951B693A2B006F39BF;
			remoteInfo = test;
		};
/* End PBXContainerItemProxy section */

/* Begin PBXFileReference section */
		E15430961B693A2B006F39BF /* test.app */ = {isa = PBXFileReference; explicitFileType = wrapper.application; includeInIndex = 0; path = test.app; sourceTree = BUILT_PRODUCTS_DIR; };
		E154309A1B693A2B006F39BF /* Info.plist */ = {isa = PBXFileReference; lastKnownFileType = text.plist.xml; path = Info.plist; sourceTree = "<group>"; };
		E154309B1B693A2B006F39BF /* main.m */ = {isa = PBXFileReference; lastKnownFileType = sourcecode.c.objc; path = main.m; sourceTree = "<group>"; };
		E154309D1B693A2B006F39BF /* AppDelegate.h */ = {isa = PBXFileReference; lastKnownFileType = sourcecode.c.h; path = AppDelegate.h; sourceTree = "<group>"; };
		E154309E1B693A2B006F39BF /* AppDelegate.m */ = {isa = PBXFileReference; lastKnownFileType = sourcecode.c.objc; path = AppDelegate.m; sourceTree = "<group>"; };
		E15430A01B693A2B006F39BF /* ViewController.h */ = {isa = PBXFileReference; lastKnownFileType = sourcecode.c.h; path = ViewController.h; sourceTree = "<group>"; };
		E15430A11B693A2B006F39BF /* ViewController.m */ = {isa = PBXFileReference; lastKnownFileType = sourcecode.c.objc; path = ViewController.m; sourceTree = "<group>"; };
		E15430A41B693A2B006F39BF /* Base */ = {isa = PBXFileReference; lastKnownFileType = file.storyboard; name = Base; path = Base.lproj/Main.storyboard; sourceTree = "<group>"; };
		E15430A61B693A2B006F39BF /* Images.xcassets */ = {isa = PBXFileReference; lastKnownFileType = folder.assetcatalog; path = Images.xcassets; sourceTree = "<group>"; };
		E15430A91B693A2B006F39BF /* Base */ = {isa = PBXFileReference; lastKnownFileType = file.xib; name = Base; path = Base.lproj/LaunchScreen.xib; sourceTree = "<group>"; };
		E15430AF1B693A2B006F39BF /* testTests.xctest */ = {isa = PBXFileReference; explicitFileType = wrapper.cfbundle; includeInIndex = 0; path = testTests.xctest; sourceTree = BUILT_PRODUCTS_DIR; };
		E15430B41B693A2B006F39BF /* Info.plist */ = {isa = PBXFileReference; lastKnownFileType = text.plist.xml; path = Info.plist; sourceTree = "<group>"; };
		E15430B51B693A2B006F39BF /* testTests.m */ = {isa = PBXFileReference; lastKnownFileType = sourcecode.c.objc; path = testTests.m; sourceTree = "<group>"; };
/* End PBXFileReference section */

/* Begin PBXFrameworksBuildPhase section */
		E15430931B693A2B006F39BF /* Frameworks */ = {
			isa = PBXFrameworksBuildPhase;
			buildActionMask = 2147483647;
			files = (
			);
			runOnlyForDeploymentPostprocessing = 0;
		};
		E15430AC1B693A2B006F39BF /* Frameworks */ = {
			isa = PBXFrameworksBuildPhase;
			buildActionMask = 2147483647;
			files = (
			);
			runOnlyForDeploymentPostprocessing = 0;
		};
/* End PBXFrameworksBuildPhase section */

/* Begin PBXGroup section */
		E154308D1B693A2B006F39BF = {
			isa = PBXGroup;
			children = (
				E15430981B693A2B006F39BF /* test */,
				E15430B21B693A2B006F39BF /* testTests */,
				E15430971B693A2B006F39BF /* Products */,
			);
			sourceTree = "<group>";
		};
		E15430971B693A2B006F39BF /* Products */ = {
			isa = PBXGroup;
			children = (
				E15430961B693A2B006F39BF /* test.app */,
				E15430AF1B693A2B006F39BF /* testTests.xctest */,
			);
			name = Products;
			sourceTree = "<group>";
		};
		E15430981B693A2B006F39BF /* test */ = {
			isa = PBXGroup;
			children = (
				E154309D1B693A2B006F39BF /* AppDelegate.h */,
				E154309E1B693A2B006F39BF /* AppDelegate.m */,
				E15430A01B693A2B006F39BF /* ViewController.h */,
				E15430A11B693A2B006F39BF /* ViewController.m */,
				E15430A31B693A2B006F39BF /* Main.storyboard */,
				E15430A61B693A2B006F39BF /* Images.xcassets */,
				E15430A81B693A2B006F39BF /* LaunchScreen.xib */,
				E15430991B693A2B006F39BF /* Supporting Files */,
			);
			path = test;
			sourceTree = "<group>";
		};
		E15430991B693A2B006F39BF /* Supporting Files */ = {
			isa = PBXGroup;
			children = (
				E154309A1B693A2B006F39BF /* Info.plist */,
				E154309B1B693A2B006F39BF /* main.m */,
			);
			name = "Supporting Files";
			sourceTree = "<group>";
		};
		E15430B21B693A2B006F39BF /* testTests */ = {
			isa = PBXGroup;
			children = (
				E15430B51B693A2B006F39BF /* testTests.m */,
				E15430B31B693A2B006F39BF /* Supporting Files */,
			);
			path = testTests;
			sourceTree = "<group>";
		};
		E15430B31B693A2B006F39BF /* Supporting Files */ = {
			isa = PBXGroup;
			children = (
				E15430B41B693A2B006F39BF /* Info.plist */,
			);
			name = "Supporting Files";
			sourceTree = "<group>";
		};
/* End PBXGroup section */

/* Begin PBXNativeTarget section */
		E15430951B693A2B006F39BF /* test */ = {
			isa = PBXNativeTarget;
			buildConfigurationList = E15430B91B693A2B006F39BF /* Build configuration list for PBXNativeTarget "test" */;
			buildPhases = (
				E15430921B693A2B006F39BF /* Sources */,
				E15430931B693A2B006F39BF /* Frameworks */,
				E15430941B693A2B006F39BF /* Resources */,
			);
			buildRules = (
			);
			dependencies = (
			);
			name = test;
			productName = test;
			productReference = E15430961B693A2B006F39BF /* test.app */;
			productType = "com.apple.product-type.application";
		};
		E15430AE1B693A2B006F39BF /* testTests */ = {
			isa = PBXNativeTarget;
			buildConfigurationList = E15430BC1B693A2B006F39BF /* Build configuration list for PBXNativeTarget "testTests" */;
			buildPhases = (
				E15430AB1B693A2B006F39BF /* Sources */,
				E15430AC1B693A2B006F39BF /* Frameworks */,
				E15430AD1B693A2B006F39BF /* Resources */,
			);
			buildRules = (
			);
			dependencies = (
				E15430B11B693A2B006F39BF /* PBXTargetDependency */,
			);
			name = testTests;
			productName = testTests;
			productReference = E15430AF1B693A2B006F39BF /* testTests.xctest */;
			productType = "com.apple.product-type.bundle.unit-test";
		};
/* End PBXNativeTarget section */

/* Begin PBXProject section */
		E154308E1B693A2B006F39BF /* Project object */ = {
			isa = PBXProject;
			attributes = {
				LastUpgradeCheck = 0630;
				ORGANIZATIONNAME = "Kunal Chitalia";
				TargetAttributes = {
					E15430951B693A2B006F39BF = {
						CreatedOnToolsVersion = 6.3;
					};
					E15430AE1B693A2B006F39BF = {
						CreatedOnToolsVersion = 6.3;
						TestTargetID = E15430951B693A2B006F39BF;
					};
				};
			};
			buildConfigurationList = E15430911B693A2B006F39BF /* Build configuration list for PBXProject "test" */;
			compatibilityVersion = "Xcode 3.2";
			developmentRegion = English;
			hasScannedForEncodings = 0;
			knownRegions = (
				en,
				Base,
			);
			mainGroup = E154308D1B693A2B006F39BF;
			productRefGroup = E15430971B693A2B006F39BF /* Products */;
			projectDirPath = "";
			projectRoot = "";
			targets = (
				E15430951B693A2B006F39BF /* test */,
				E15430AE1B693A2B006F39BF /* testTests */,
			);
		};
/* End PBXProject section */

/* Begin PBXResourcesBuildPhase section */
		E15430941B693A2B006F39BF /* Resources */ = {
			isa = PBXResourcesBuildPhase;
			buildActionMask = 2147483647;
			files = (
				E15430A51B693A2B006F39BF /* Main.storyboard in Resources */,
				E15430AA1B693A2B006F39BF /* LaunchScreen.xib in Resources */,
				E15430A71B693A2B006F39BF /* Images.xcassets in Resources */,
			);
			runOnlyForDeploymentPostprocessing = 0;
		};
		E15430AD1B693A2B006F39BF /* Resources */ = {
			isa = PBXResourcesBuildPhase;
			buildActionMask = 2147483647;
			files = (
			);
			runOnlyForDeploymentPostprocessing = 0;
		};
/* End PBXResourcesBuildPhase section */

/* Begin PBXSourcesBuildPhase section */
		E15430921B693A2B006F39BF /* Sources */ = {
			isa = PBXSourcesBuildPhase;
			buildActionMask = 2147483647;
			files = (
				E15430A21B693A2B006F39BF /* ViewController.m in Sources */,
				E154309F1B693A2B006F39BF /* AppDelegate.m in Sources */,
				E154309C1B693A2B006F39BF /* main.m in Sources */,
			);
			runOnlyForDeploymentPostprocessing = 0;
		};
		E15430AB1B693A2B006F39BF /* Sources */ = {
			isa = PBXSourcesBuildPhase;
			buildActionMask = 2147483647;
			files = (
				E15430B61B693A2B006F39BF /* testTests.m in Sources */,
			);
			runOnlyForDeploymentPostprocessing = 0;
		};
/* End PBXSourcesBuildPhase section */

/* Begin PBXTargetDependency section */
		E15430B11B693A2B006F39BF /* PBXTargetDependency */ = {
			isa = PBXTargetDependency;
			target = E15430951B693A2B006F39BF /* test */;
			targetProxy = E15430B01B693A2B006F39BF /* PBXContainerItemProxy */;
		};
/* End PBXTargetDependency section */

/* Begin PBXVariantGroup section */
		E15430A31B693A2B006F39BF /* Main.storyboard */ = {
			isa = PBXVariantGroup;
			children = (
				E15430A41B693A2B006F39BF /* Base */,
			);
			name = Main.storyboard;
			sourceTree = "<group>";
		};
		E15430A81B693A2B006F39BF /* LaunchScreen.xib */ = {
			isa = PBXVariantGroup;
			children = (
				E15430A91B693A2B006F39BF /* Base */,
			);
			name = LaunchScreen.xib;
			sourceTree = "<group>";
		};
/* End PBXVariantGroup section */

/* Begin XCBuildConfiguration section */
		E15430B71B693A2B006F39BF /* Debug */ = {
			isa = XCBuildConfiguration;
			buildSettings = {
				ALWAYS_SEARCH_USER_PATHS = NO;
				CLANG_CXX_LANGUAGE_STANDARD = "gnu++0x";
				CLANG_CXX_LIBRARY = "libc++";
				CLANG_ENABLE_MODULES = YES;
				CLANG_ENABLE_OBJC_ARC = YES;
				CLANG_WARN_BOOL_CONVERSION = YES;
				CLANG_WARN_CONSTANT_CONVERSION = YES;
				CLANG_WARN_DIRECT_OBJC_ISA_USAGE = YES_ERROR;
				CLANG_WARN_EMPTY_BODY = YES;
				CLANG_WARN_ENUM_CONVERSION = YES;
				CLANG_WARN_INT_CONVERSION = YES;
				CLANG_WARN_OBJC_ROOT_CLASS = YES_ERROR;
				CLANG_WARN_UNREACHABLE_CODE = YES;
				CLANG_WARN__DUPLICATE_METHOD_MATCH = YES;
				"CODE_SIGN_IDENTITY[sdk=iphoneos*]" = "iPhone Developer";
				COPY_PHASE_STRIP = NO;
				DEBUG_INFORMATION_FORMAT = "dwarf-with-dsym";
				ENABLE_STRICT_OBJC_MSGSEND = YES;
				GCC_C_LANGUAGE_STANDARD = gnu99;
				GCC_DYNAMIC_NO_PIC = NO;
				GCC_NO_COMMON_BLOCKS = YES;
				GCC_OPTIMIZATION_LEVEL = 0;
				GCC_PREPROCESSOR_DEFINITIONS = (
					"DEBUG=1",
					"$(inherited)",
				);
				GCC_SYMBOLS_PRIVATE_EXTERN = NO;
				GCC_WARN_64_TO_32_BIT_CONVERSION = YES;
				GCC_WARN_ABOUT_RETURN_TYPE = YES_ERROR;
				GCC_WARN_UNDECLARED_SELECTOR = YES;
				GCC_WARN_UNINITIALIZED_AUTOS = YES_AGGRESSIVE;
				GCC_WARN_UNUSED_FUNCTION = YES;
				GCC_WARN_UNUSED_VARIABLE = YES;
				IPHONEOS_DEPLOYMENT_TARGET = 8.3;
				MTL_ENABLE_DEBUG_INFO = YES;
				ONLY_ACTIVE_ARCH = YES;
				SDKROOT = iphoneos;
			};
			name = Debug;
		};
		E15430B81B693A2B006F39BF /* Release */ = {
			isa = XCBuildConfiguration;
			buildSettings = {
				ALWAYS_SEARCH_USER_PATHS = NO;
				CLANG_CXX_LANGUAGE_STANDARD = "gnu++0x";
				CLANG_CXX_LIBRARY = "libc++";
				CLANG_ENABLE_MODULES = YES;
				CLANG_ENABLE_OBJC_ARC = YES;
				CLANG_WARN_BOOL_CONVERSION = YES;
				CLANG_WARN_CONSTANT_CONVERSION = YES;
				CLANG_WARN_DIRECT_OBJC_ISA_USAGE = YES_ERROR;
				CLANG_WARN_EMPTY_BODY = YES;
				CLANG_WARN_ENUM_CONVERSION = YES;
				CLANG_WARN_INT_CONVERSION = YES;
				CLANG_WARN_OBJC_ROOT_CLASS = YES_ERROR;
				CLANG_WARN_UNREACHABLE_CODE = YES;
				CLANG_WARN__DUPLICATE_METHOD_MATCH = YES;
				"CODE_SIGN_IDENTITY[sdk=iphoneos*]" = "iPhone Developer";
				COPY_PHASE_STRIP = NO;
				DEBUG_INFORMATION_FORMAT = "dwarf-with-dsym";
				ENABLE_NS_ASSERTIONS = NO;
				ENABLE_STRICT_OBJC_MSGSEND = YES;
				GCC_C_LANGUAGE_STANDARD = gnu99;
				GCC_NO_COMMON_BLOCKS = YES;
				GCC_WARN_64_TO_32_BIT_CONVERSION = YES;
				GCC_WARN_ABOUT_RETURN_TYPE = YES_ERROR;
				GCC_WARN_UNDECLARED_SELECTOR = YES;
				GCC_WARN_UNINITIALIZED_AUTOS = YES_AGGRESSIVE;
				GCC_WARN_UNUSED_FUNCTION = YES;
				GCC_WARN_UNUSED_VARIABLE = YES;
				IPHONEOS_DEPLOYMENT_TARGET = 8.3;
				MTL_ENABLE_DEBUG_INFO = NO;
				SDKROOT = iphoneos;
				VALIDATE_PRODUCT = YES;
			};
			name = Release;
		};
		E15430BA1B693A2B006F39BF /* Debug */ = {
			isa = XCBuildConfiguration;
			buildSettings = {
				ASSETCATALOG_COMPILER_APPICON_NAME = AppIcon;
				INFOPLIST_FILE = test/Info.plist;
				LD_RUNPATH_SEARCH_PATHS = "$(inherited) @executable_path/Frameworks";
				PRODUCT_NAME = "$(TARGET_NAME)";
			};
			name = Debug;
		};
		E15430BB1B693A2B006F39BF /* Release */ = {
			isa = XCBuildConfiguration;
			buildSettings = {
				ASSETCATALOG_COMPILER_APPICON_NAME = AppIcon;
				INFOPLIST_FILE = test/Info.plist;
				LD_RUNPATH_SEARCH_PATHS = "$(inherited) @executable_path/Frameworks";
				PRODUCT_NAME = "$(TARGET_NAME)";
			};
			name = Release;
		};
		E15430BD1B693A2B006F39BF /* Debug */ = {
			isa = XCBuildConfiguration;
			buildSettings = {
				BUNDLE_LOADER = "$(TEST_HOST)";
				FRAMEWORK_SEARCH_PATHS = (
					"$(SDKROOT)/Developer/Library/Frameworks",
					"$(inherited)",
				);
				GCC_PREPROCESSOR_DEFINITIONS = (
					"DEBUG=1",
					"$(inherited)",
				);
				INFOPLIST_FILE = testTests/Info.plist;
				LD_RUNPATH_SEARCH_PATHS = "$(inherited) @executable_path/Frameworks @loader_path/Frameworks";
				PRODUCT_NAME = "$(TARGET_NAME)";
				TEST_HOST = "$(BUILT_PRODUCTS_DIR)/test.app/test";
			};
			name = Debug;
		};
		E15430BE1B693A2B006F39BF /* Release */ = {
			isa = XCBuildConfiguration;
			buildSettings = {
				BUNDLE_LOADER = "$(TEST_HOST)";
				FRAMEWORK_SEARCH_PATHS = (
					"$(SDKROOT)/Developer/Library/Frameworks",
					"$(inherited)",
				);
				INFOPLIST_FILE = testTests/Info.plist;
				LD_RUNPATH_SEARCH_PATHS = "$(inherited) @executable_path/Frameworks @loader_path/Frameworks";
				PRODUCT_NAME = "$(TARGET_NAME)";
				TEST_HOST = "$(BUILT_PRODUCTS_DIR)/test.app/test";
			};
			name = Release;
		};
/* End XCBuildConfiguration section */

/* Begin XCConfigurationList section */
		E15430911B693A2B006F39BF /* Build configuration list for PBXProject "test" */ = {
			isa = XCConfigurationList;
			buildConfigurations = (
				E15430B71B693A2B006F39BF /* Debug */,
				E15430B81B693A2B006F39BF /* Release */,
			);
			defaultConfigurationIsVisible = 0;
			defaultConfigurationName = Release;
		};
		E15430B91B693A2B006F39BF /* Build configuration list for PBXNativeTarget "test" */ = {
			isa = XCConfigurationList;
			buildConfigurations = (
				E15430BA1B693A2B006F39BF /* Debug */,
				E15430BB1B693A2B006F39BF /* Release */,
			);
			defaultConfigurationIsVisible = 0;
		};
		E15430BC1B693A2B006F39BF /* Build configuration list for PBXNativeTarget "testTests" */ = {
			isa = XCConfigurationList;
			buildConfigurations = (
				E15430BD1B693A2B006F39BF /* Debug */,
				E15430BE1B693A2B006F39BF /* Release */,
			);
			defaultConfigurationIsVisible = 0;
		};
/* End XCConfigurationList section */
	};
	rootObject = E154308E1B693A2B006F39BF /* Project object */;
}
